
Microsoft Visual Studio Solution File, Format Version 12.00
# Visual Studio 15
VisualStudioVersion = 15.0.28307.1500
MinimumVisualStudioVersion = 10.0.40219.1
Project("{FAE04EC0-301F-11D3-BF4B-00C04F79EFBC}") = "DimexSaldos", "DimexSaldos\DimexSaldos.csproj", "{A93C51B8-F097-49A9-ADB5-C04C6B1D1126}"
EndProject
Global
	GlobalSection(SolutionConfigurationPlatforms) = preSolution
		Debug|Any CPU = Debug|Any CPU
		Release|Any CPU = Release|Any CPU
	EndGlobalSection
	GlobalSection(ProjectConfigurationPlatforms) = postSolution
		{A93C51B8-F097-49A9-ADB5-C04C6B1D1126}.Debug|Any CPU.ActiveCfg = Debug|Any CPU
		{A93C51B8-F097-49A9-ADB5-C04C6B1D1126}.Debug|Any CPU.Build.0 = Debug|Any CPU
		{A93C51B8-F097-49A9-ADB5-C04C6B1D1126}.Release|Any CPU.ActiveCfg = Release|Any CPU
		{A93C51B8-F097-49A9-ADB5-C04C6B1D1126}.Release|Any CPU.Build.0 = Release|Any CPU
	EndGlobalSection
	GlobalSection(SolutionProperties) = preSolution
		HideSolutionNode = FALSE
	EndGlobalSection
	GlobalSection(ExtensibilityGlobals) = postSolution
		SolutionGuid = {421930B7-C83C-4BA1-B191-2B3CF22E276B}
	EndGlobalSection
EndGlobal
